
Microsoft Visual Studio Solution File, Format Version 12.00
# Visual Studio Version 16
VisualStudioVersion = 16.0.30907.101
MinimumVisualStudioVersion = 10.0.40219.1
Project("{FAE04EC0-301F-11D3-BF4B-00C04F79EFBC}") = "src", "src\src.csproj", "{86E31265-9B9F-4158-8263-7DD894E3ADED}"
EndProject
Global
	GlobalSection(SolutionConfigurationPlatforms) = preSolution
		Debug|Any CPU = Debug|Any CPU
		Release|Any CPU = Release|Any CPU
	EndGlobalSection
	GlobalSection(ProjectConfigurationPlatforms) = postSolution
		{86E31265-9B9F-4158-8263-7DD894E3ADED}.Debug|Any CPU.ActiveCfg = Debug|Any CPU
		{86E31265-9B9F-4158-8263-7DD894E3ADED}.Debug|Any CPU.Build.0 = Debug|Any CPU
		{86E31265-9B9F-4158-8263-7DD894E3ADED}.Release|Any CPU.ActiveCfg = Release|Any CPU
		{86E31265-9B9F-4158-8263-7DD894E3ADED}.Release|Any CPU.Build.0 = Release|Any CPU
	EndGlobalSection
	GlobalSection(SolutionProperties) = preSolution
		HideSolutionNode = FALSE
	EndGlobalSection
	GlobalSection(ExtensibilityGlobals) = postSolution
		SolutionGuid = {0F05CE8B-F535-4653-B1A4-2F8FB6AD0294}
	EndGlobalSection
EndGlobal
